
Microsoft Visual Studio Solution File, Format Version 12.00
# Visual Studio Version 17
VisualStudioVersion = 17.9.34616.47
MinimumVisualStudioVersion = 10.0.40219.1
Project("{FAE04EC0-301F-11D3-BF4B-00C04F79EFBC}") = "ConsoleApp1", "ConsoleApp1\ConsoleApp1.csproj", "{215E9877-FAEC-430B-B18E-5613C8C5F94F}"
EndProject
Global
	GlobalSection(SolutionConfigurationPlatforms) = preSolution
		Debug|Any CPU = Debug|Any CPU
		Release|Any CPU = Release|Any CPU
	EndGlobalSection
	GlobalSection(ProjectConfigurationPlatforms) = postSolution
		{215E9877-FAEC-430B-B18E-5613C8C5F94F}.Debug|Any CPU.ActiveCfg = Debug|Any CPU
		{215E9877-FAEC-430B-B18E-5613C8C5F94F}.Debug|Any CPU.Build.0 = Debug|Any CPU
		{215E9877-FAEC-430B-B18E-5613C8C5F94F}.Release|Any CPU.ActiveCfg = Release|Any CPU
		{215E9877-FAEC-430B-B18E-5613C8C5F94F}.Release|Any CPU.Build.0 = Release|Any CPU
	EndGlobalSection
	GlobalSection(SolutionProperties) = preSolution
		HideSolutionNode = FALSE
	EndGlobalSection
	GlobalSection(ExtensibilityGlobals) = postSolution
		SolutionGuid = {18ACB6E8-E4F8-4DF0-97F8-72D46B5BEA54}
	EndGlobalSection
EndGlobal
